{
  "name": "proofforge",
  "version": "1.0.3",
  "lockfileVersion": 3,
  "requires": true,
  "packages": {
    "": {
      "name": "proofforge",
      "version": "1.0.3",
      "license": "MIT",
      "bin": {
        "proofforge": "bin/proofforge.js",
        "webforge": "bin/webforge.js"
      },
      "engines": {
        "node": ">=18.0.0"
      }
    }
  }
}
